
Microsoft Visual Studio Solution File, Format Version 12.00
# Visual Studio Version 16
VisualStudioVersion = 16.0.32002.261
MinimumVisualStudioVersion = 10.0.40219.1
Project("{FAE04EC0-301F-11D3-BF4B-00C04F79EFBC}") = "AskNLearn", "AskNLearn.csproj", "{36C8A9B1-F8AC-4CE5-B88B-4B878B3C38C8}"
EndProject
Global
	GlobalSection(SolutionConfigurationPlatforms) = preSolution
		Debug|Any CPU = Debug|Any CPU
		Release|Any CPU = Release|Any CPU
	EndGlobalSection
	GlobalSection(ProjectConfigurationPlatforms) = postSolution
		{36C8A9B1-F8AC-4CE5-B88B-4B878B3C38C8}.Debug|Any CPU.ActiveCfg = Debug|Any CPU
		{36C8A9B1-F8AC-4CE5-B88B-4B878B3C38C8}.Debug|Any CPU.Build.0 = Debug|Any CPU
		{36C8A9B1-F8AC-4CE5-B88B-4B878B3C38C8}.Release|Any CPU.ActiveCfg = Release|Any CPU
		{36C8A9B1-F8AC-4CE5-B88B-4B878B3C38C8}.Release|Any CPU.Build.0 = Release|Any CPU
	EndGlobalSection
	GlobalSection(SolutionProperties) = preSolution
		HideSolutionNode = FALSE
	EndGlobalSection
	GlobalSection(ExtensibilityGlobals) = postSolution
		SolutionGuid = {6188EFD4-EC47-4CC0-8E4F-62223D638F86}
	EndGlobalSection
EndGlobal
